
Microsoft Visual Studio Solution File, Format Version 12.00
# Visual Studio Version 17
VisualStudioVersion = 17.10.35013.160
MinimumVisualStudioVersion = 10.0.40219.1
Project("{9A19103F-16F7-4668-BE54-9A1E7A4F7556}") = "Balo", "Balo\Balo.csproj", "{A9B38244-02B1-4F51-BF45-E5B3C67B5B8C}"
EndProject
Project("{9A19103F-16F7-4668-BE54-9A1E7A4F7556}") = "NguoiGiaoHang", "NguoiGiaoHang\NguoiGiaoHang.csproj", "{DD4EE29D-AF06-461C-97AF-E8D955866415}"
EndProject
Project("{9A19103F-16F7-4668-BE54-9A1E7A4F7556}") = "BaloBienThe", "BaloBienThe\BaloBienThe.csproj", "{69AA23B0-DC24-4ECA-8893-AEF82615DF00}"
EndProject
Project("{FAE04EC0-301F-11D3-BF4B-00C04F79EFBC}") = "Huffman", "Huffman\Huffman.csproj", "{A11DF1A5-BE94-41A8-90BE-EE54740E4C34}"
EndProject
Global
	GlobalSection(SolutionConfigurationPlatforms) = preSolution
		Debug|Any CPU = Debug|Any CPU
		Release|Any CPU = Release|Any CPU
	EndGlobalSection
	GlobalSection(ProjectConfigurationPlatforms) = postSolution
		{A9B38244-02B1-4F51-BF45-E5B3C67B5B8C}.Debug|Any CPU.ActiveCfg = Debug|Any CPU
		{A9B38244-02B1-4F51-BF45-E5B3C67B5B8C}.Debug|Any CPU.Build.0 = Debug|Any CPU
		{A9B38244-02B1-4F51-BF45-E5B3C67B5B8C}.Release|Any CPU.ActiveCfg = Release|Any CPU
		{A9B38244-02B1-4F51-BF45-E5B3C67B5B8C}.Release|Any CPU.Build.0 = Release|Any CPU
		{DD4EE29D-AF06-461C-97AF-E8D955866415}.Debug|Any CPU.ActiveCfg = Debug|Any CPU
		{DD4EE29D-AF06-461C-97AF-E8D955866415}.Debug|Any CPU.Build.0 = Debug|Any CPU
		{DD4EE29D-AF06-461C-97AF-E8D955866415}.Release|Any CPU.ActiveCfg = Release|Any CPU
		{DD4EE29D-AF06-461C-97AF-E8D955866415}.Release|Any CPU.Build.0 = Release|Any CPU
		{69AA23B0-DC24-4ECA-8893-AEF82615DF00}.Debug|Any CPU.ActiveCfg = Debug|Any CPU
		{69AA23B0-DC24-4ECA-8893-AEF82615DF00}.Debug|Any CPU.Build.0 = Debug|Any CPU
		{69AA23B0-DC24-4ECA-8893-AEF82615DF00}.Release|Any CPU.ActiveCfg = Release|Any CPU
		{69AA23B0-DC24-4ECA-8893-AEF82615DF00}.Release|Any CPU.Build.0 = Release|Any CPU
		{A11DF1A5-BE94-41A8-90BE-EE54740E4C34}.Debug|Any CPU.ActiveCfg = Debug|Any CPU
		{A11DF1A5-BE94-41A8-90BE-EE54740E4C34}.Debug|Any CPU.Build.0 = Debug|Any CPU
		{A11DF1A5-BE94-41A8-90BE-EE54740E4C34}.Release|Any CPU.ActiveCfg = Release|Any CPU
		{A11DF1A5-BE94-41A8-90BE-EE54740E4C34}.Release|Any CPU.Build.0 = Release|Any CPU
	EndGlobalSection
	GlobalSection(SolutionProperties) = preSolution
		HideSolutionNode = FALSE
	EndGlobalSection
	GlobalSection(ExtensibilityGlobals) = postSolution
		SolutionGuid = {A3E9F3AA-445B-45B0-9641-DCDE579E2342}
	EndGlobalSection
EndGlobal
